
Microsoft Visual Studio Solution File, Format Version 12.00
# Visual Studio Version 17
VisualStudioVersion = 17.7.34031.279
MinimumVisualStudioVersion = 10.0.40219.1
Project("{FAE04EC0-301F-11D3-BF4B-00C04F79EFBC}") = "APP", "APP\APP.csproj", "{9050C99B-513E-4001-8164-C8E17F9EA39D}"
EndProject
Global
	GlobalSection(SolutionConfigurationPlatforms) = preSolution
		Debug|Any CPU = Debug|Any CPU
		Release|Any CPU = Release|Any CPU
	EndGlobalSection
	GlobalSection(ProjectConfigurationPlatforms) = postSolution
		{9050C99B-513E-4001-8164-C8E17F9EA39D}.Debug|Any CPU.ActiveCfg = Debug|Any CPU
		{9050C99B-513E-4001-8164-C8E17F9EA39D}.Debug|Any CPU.Build.0 = Debug|Any CPU
		{9050C99B-513E-4001-8164-C8E17F9EA39D}.Release|Any CPU.ActiveCfg = Release|Any CPU
		{9050C99B-513E-4001-8164-C8E17F9EA39D}.Release|Any CPU.Build.0 = Release|Any CPU
	EndGlobalSection
	GlobalSection(SolutionProperties) = preSolution
		HideSolutionNode = FALSE
	EndGlobalSection
	GlobalSection(ExtensibilityGlobals) = postSolution
		SolutionGuid = {44517241-D1D1-4E3A-A83B-F6AADD650B2F}
	EndGlobalSection
EndGlobal
